
Microsoft Visual Studio Solution File, Format Version 12.00
# Visual Studio Version 16
VisualStudioVersion = 16.0.28606.126
MinimumVisualStudioVersion = 10.0.40219.1
Project("{FAE04EC0-301F-11D3-BF4B-00C04F79EFBC}") = "FruitmarktShopping", "FruitmarktShopping\FruitmarktShopping.csproj", "{102092E5-BA8B-4759-89BC-E6C8CB526498}"
EndProject
Global
	GlobalSection(SolutionConfigurationPlatforms) = preSolution
		Debug|Any CPU = Debug|Any CPU
		Release|Any CPU = Release|Any CPU
	EndGlobalSection
	GlobalSection(ProjectConfigurationPlatforms) = postSolution
		{102092E5-BA8B-4759-89BC-E6C8CB526498}.Debug|Any CPU.ActiveCfg = Debug|Any CPU
		{102092E5-BA8B-4759-89BC-E6C8CB526498}.Debug|Any CPU.Build.0 = Debug|Any CPU
		{102092E5-BA8B-4759-89BC-E6C8CB526498}.Release|Any CPU.ActiveCfg = Release|Any CPU
		{102092E5-BA8B-4759-89BC-E6C8CB526498}.Release|Any CPU.Build.0 = Release|Any CPU
	EndGlobalSection
	GlobalSection(SolutionProperties) = preSolution
		HideSolutionNode = FALSE
	EndGlobalSection
	GlobalSection(ExtensibilityGlobals) = postSolution
		SolutionGuid = {B0F8926A-C71E-44D6-A5E8-FB0397ED6F81}
	EndGlobalSection
EndGlobal
